// !$*UTF8*$!
{
	archiveVersion = 1;
	classes = {
	};
	objectVersion = 48;
	objects = {

/* Begin PBXBuildFile section */
		6773E25D1F3EEB0A006ABAAA /* AppDelegate.swift in Sources */ = {isa = PBXBuildFile; fileRef = 6773E25C1F3EEB0A006ABAAA /* AppDelegate.swift */; };
		6773E25F1F3EEB0A006ABAAA /* ViewController.swift in Sources */ = {isa = PBXBuildFile; fileRef = 6773E25E1F3EEB0A006ABAAA /* ViewController.swift */; };
		6773E2621F3EEB0A006ABAAA /* Main.storyboard in Resources */ = {isa = PBXBuildFile; fileRef = 6773E2601F3EEB0A006ABAAA /* Main.storyboard */; };
		6773E2641F3EEB0A006ABAAA /* Assets.xcassets in Resources */ = {isa = PBXBuildFile; fileRef = 6773E2631F3EEB0A006ABAAA /* Assets.xcassets */; };
		6773E2671F3EEB0A006ABAAA /* LaunchScreen.storyboard in Resources */ = {isa = PBXBuildFile; fileRef = 6773E2651F3EEB0A006ABAAA /* LaunchScreen.storyboard */; };
		6773E29A1F3EEDE7006ABAAA /* PandaImageCache.framework in Frameworks */ = {isa = PBXBuildFile; fileRef = 6773E2851F3EEB44006ABAAA /* PandaImageCache.framework */; };
		6773E29B1F3EEDE7006ABAAA /* PandaImageCache.framework in Embed Frameworks */ = {isa = PBXBuildFile; fileRef = 6773E2851F3EEB44006ABAAA /* PandaImageCache.framework */; settings = {ATTRIBUTES = (CodeSignOnCopy, RemoveHeadersOnCopy, ); }; };
		6773E2A21F3EEE52006ABAAA /* PandaHttpSwift.framework in Frameworks */ = {isa = PBXBuildFile; fileRef = 6773E2A11F3EEE52006ABAAA /* PandaHttpSwift.framework */; };
		6773E2A41F3EEE62006ABAAA /* PandaHttpSwift.framework in Embed Frameworks */ = {isa = PBXBuildFile; fileRef = 6773E2A11F3EEE52006ABAAA /* PandaHttpSwift.framework */; settings = {ATTRIBUTES = (CodeSignOnCopy, RemoveHeadersOnCopy, ); }; };
/* End PBXBuildFile section */

/* Begin PBXCopyFilesBuildPhase section */
		6773E29C1F3EEDE8006ABAAA /* Embed Frameworks */ = {
			isa = PBXCopyFilesBuildPhase;
			buildActionMask = 2147483647;
			dstPath = "";
			dstSubfolderSpec = 10;
			files = (
				6773E29B1F3EEDE7006ABAAA /* PandaImageCache.framework in Embed Frameworks */,
				6773E2A41F3EEE62006ABAAA /* PandaHttpSwift.framework in Embed Frameworks */,
			);
			name = "Embed Frameworks";
			runOnlyForDeploymentPostprocessing = 0;
		};
/* End PBXCopyFilesBuildPhase section */

/* Begin PBXFileReference section */
		6773E2591F3EEB0A006ABAAA /* Example.app */ = {isa = PBXFileReference; explicitFileType = wrapper.application; includeInIndex = 0; path = Example.app; sourceTree = BUILT_PRODUCTS_DIR; };
		6773E25C1F3EEB0A006ABAAA /* AppDelegate.swift */ = {isa = PBXFileReference; lastKnownFileType = sourcecode.swift; path = AppDelegate.swift; sourceTree = "<group>"; };
		6773E25E1F3EEB0A006ABAAA /* ViewController.swift */ = {isa = PBXFileReference; lastKnownFileType = sourcecode.swift; path = ViewController.swift; sourceTree = "<group>"; };
		6773E2611F3EEB0A006ABAAA /* Base */ = {isa = PBXFileReference; lastKnownFileType = file.storyboard; name = Base; path = Base.lproj/Main.storyboard; sourceTree = "<group>"; };
		6773E2631F3EEB0A006ABAAA /* Assets.xcassets */ = {isa = PBXFileReference; lastKnownFileType = folder.assetcatalog; path = Assets.xcassets; sourceTree = "<group>"; };
		6773E2661F3EEB0A006ABAAA /* Base */ = {isa = PBXFileReference; lastKnownFileType = file.storyboard; name = Base; path = Base.lproj/LaunchScreen.storyboard; sourceTree = "<group>"; };
		6773E2681F3EEB0A006ABAAA /* Info.plist */ = {isa = PBXFileReference; lastKnownFileType = text.plist.xml; path = Info.plist; sourceTree = "<group>"; };
		6773E2851F3EEB44006ABAAA /* PandaImageCache.framework */ = {isa = PBXFileReference; lastKnownFileType = wrapper.framework; name = PandaImageCache.framework; path = "../../../../Library/Developer/Xcode/DerivedData/PandaImageCache-cwqhslqytzzumphlapzkbishmcbb/Build/Products/Debug-iphonesimulator/PandaImageCache.framework"; sourceTree = "<group>"; };
		6773E2A11F3EEE52006ABAAA /* PandaHttpSwift.framework */ = {isa = PBXFileReference; lastKnownFileType = wrapper.framework; name = PandaHttpSwift.framework; path = Example/PandaHttpSwift.framework; sourceTree = "<group>"; };
/* End PBXFileReference section */

/* Begin PBXFrameworksBuildPhase section */
		6773E2561F3EEB0A006ABAAA /* Frameworks */ = {
			isa = PBXFrameworksBuildPhase;
			buildActionMask = 2147483647;
			files = (
				6773E29A1F3EEDE7006ABAAA /* PandaImageCache.framework in Frameworks */,
				6773E2A21F3EEE52006ABAAA /* PandaHttpSwift.framework in Frameworks */,
			);
			runOnlyForDeploymentPostprocessing = 0;
		};
/* End PBXFrameworksBuildPhase section */

/* Begin PBXGroup section */
		6773E2501F3EEB0A006ABAAA = {
			isa = PBXGroup;
			children = (
				6773E2A11F3EEE52006ABAAA /* PandaHttpSwift.framework */,
				6773E25B1F3EEB0A006ABAAA /* Example */,
				6773E25A1F3EEB0A006ABAAA /* Products */,
				6773E2841F3EEB44006ABAAA /* Frameworks */,
			);
			sourceTree = "<group>";
		};
		6773E25A1F3EEB0A006ABAAA /* Products */ = {
			isa = PBXGroup;
			children = (
				6773E2591F3EEB0A006ABAAA /* Example.app */,
			);
			name = Products;
			sourceTree = "<group>";
		};
		6773E25B1F3EEB0A006ABAAA /* Example */ = {
			isa = PBXGroup;
			children = (
				6773E25C1F3EEB0A006ABAAA /* AppDelegate.swift */,
				6773E25E1F3EEB0A006ABAAA /* ViewController.swift */,
				6773E2601F3EEB0A006ABAAA /* Main.storyboard */,
				6773E2631F3EEB0A006ABAAA /* Assets.xcassets */,
				6773E2651F3EEB0A006ABAAA /* LaunchScreen.storyboard */,
				6773E2681F3EEB0A006ABAAA /* Info.plist */,
			);
			path = Example;
			sourceTree = "<group>";
		};
		6773E2841F3EEB44006ABAAA /* Frameworks */ = {
			isa = PBXGroup;
			children = (
				6773E2851F3EEB44006ABAAA /* PandaImageCache.framework */,
			);
			name = Frameworks;
			sourceTree = "<group>";
		};
/* End PBXGroup section */

/* Begin PBXNativeTarget section */
		6773E2581F3EEB0A006ABAAA /* Example */ = {
			isa = PBXNativeTarget;
			buildConfigurationList = 6773E26B1F3EEB0A006ABAAA /* Build configuration list for PBXNativeTarget "Example" */;
			buildPhases = (
				6773E2551F3EEB0A006ABAAA /* Sources */,
				6773E2561F3EEB0A006ABAAA /* Frameworks */,
				6773E2571F3EEB0A006ABAAA /* Resources */,
				6773E29C1F3EEDE8006ABAAA /* Embed Frameworks */,
			);
			buildRules = (
			);
			dependencies = (
			);
			name = Example;
			productName = Example;
			productReference = 6773E2591F3EEB0A006ABAAA /* Example.app */;
			productType = "com.apple.product-type.application";
		};
/* End PBXNativeTarget section */

/* Begin PBXProject section */
		6773E2511F3EEB0A006ABAAA /* Project object */ = {
			isa = PBXProject;
			attributes = {
				LastSwiftUpdateCheck = 0900;
				LastUpgradeCheck = 0900;
				ORGANIZATIONNAME = "刘林";
				TargetAttributes = {
					6773E2581F3EEB0A006ABAAA = {
						CreatedOnToolsVersion = 9.0;
					};
				};
			};
			buildConfigurationList = 6773E2541F3EEB0A006ABAAA /* Build configuration list for PBXProject "Example" */;
			compatibilityVersion = "Xcode 8.0";
			developmentRegion = en;
			hasScannedForEncodings = 0;
			knownRegions = (
				en,
				Base,
			);
			mainGroup = 6773E2501F3EEB0A006ABAAA;
			productRefGroup = 6773E25A1F3EEB0A006ABAAA /* Products */;
			projectDirPath = "";
			projectRoot = "";
			targets = (
				6773E2581F3EEB0A006ABAAA /* Example */,
			);
		};
/* End PBXProject section */

/* Begin PBXResourcesBuildPhase section */
		6773E2571F3EEB0A006ABAAA /* Resources */ = {
			isa = PBXResourcesBuildPhase;
			buildActionMask = 2147483647;
			files = (
				6773E2671F3EEB0A006ABAAA /* LaunchScreen.storyboard in Resources */,
				6773E2641F3EEB0A006ABAAA /* Assets.xcassets in Resources */,
				6773E2621F3EEB0A006ABAAA /* Main.storyboard in Resources */,
			);
			runOnlyForDeploymentPostprocessing = 0;
		};
/* End PBXResourcesBuildPhase section */

/* Begin PBXSourcesBuildPhase section */
		6773E2551F3EEB0A006ABAAA /* Sources */ = {
			isa = PBXSourcesBuildPhase;
			buildActionMask = 2147483647;
			files = (
				6773E25F1F3EEB0A006ABAAA /* ViewController.swift in Sources */,
				6773E25D1F3EEB0A006ABAAA /* AppDelegate.swift in Sources */,
			);
			runOnlyForDeploymentPostprocessing = 0;
		};
/* End PBXSourcesBuildPhase section */

/* Begin PBXVariantGroup section */
		6773E2601F3EEB0A006ABAAA /* Main.storyboard */ = {
			isa = PBXVariantGroup;
			children = (
				6773E2611F3EEB0A006ABAAA /* Base */,
			);
			name = Main.storyboard;
			sourceTree = "<group>";
		};
		6773E2651F3EEB0A006ABAAA /* LaunchScreen.storyboard */ = {
			isa = PBXVariantGroup;
			children = (
				6773E2661F3EEB0A006ABAAA /* Base */,
			);
			name = LaunchScreen.storyboard;
			sourceTree = "<group>";
		};
/* End PBXVariantGroup section */

/* Begin XCBuildConfiguration section */
		6773E2691F3EEB0A006ABAAA /* Debug */ = {
			isa = XCBuildConfiguration;
			buildSettings = {
				ALWAYS_SEARCH_USER_PATHS = NO;
				CLANG_ANALYZER_NONNULL = YES;
				CLANG_ANALYZER_NUMBER_OBJECT_CONVERSION = YES_AGGRESSIVE;
				CLANG_CXX_LANGUAGE_STANDARD = "gnu++14";
				CLANG_CXX_LIBRARY = "libc++";
				CLANG_ENABLE_MODULES = YES;
				CLANG_ENABLE_OBJC_ARC = YES;
				CLANG_WARN_BLOCK_CAPTURE_AUTORELEASING = YES;
				CLANG_WARN_BOOL_CONVERSION = YES;
				CLANG_WARN_COMMA = YES;
				CLANG_WARN_CONSTANT_CONVERSION = YES;
				CLANG_WARN_DIRECT_OBJC_ISA_USAGE = YES_ERROR;
				CLANG_WARN_DOCUMENTATION_COMMENTS = YES;
				CLANG_WARN_EMPTY_BODY = YES;
				CLANG_WARN_ENUM_CONVERSION = YES;
				CLANG_WARN_INFINITE_RECURSION = YES;
				CLANG_WARN_INT_CONVERSION = YES;
				CLANG_WARN_NON_LITERAL_NULL_CONVERSION = YES;
				CLANG_WARN_OBJC_LITERAL_CONVERSION = YES;
				CLANG_WARN_OBJC_ROOT_CLASS = YES_ERROR;
				CLANG_WARN_RANGE_LOOP_ANALYSIS = YES;
				CLANG_WARN_STRICT_PROTOTYPES = YES;
				CLANG_WARN_SUSPICIOUS_MOVE = YES;
				CLANG_WARN_UNGUARDED_AVAILABILITY = YES_AGGRESSIVE;
				CLANG_WARN_UNREACHABLE_CODE = YES;
				CLANG_WARN__DUPLICATE_METHOD_MATCH = YES;
				CODE_SIGN_IDENTITY = "iPhone Developer";
				COPY_PHASE_STRIP = NO;
				DEBUG_INFORMATION_FORMAT = dwarf;
				ENABLE_STRICT_OBJC_MSGSEND = YES;
				ENABLE_TESTABILITY = YES;
				GCC_C_LANGUAGE_STANDARD = gnu11;
				GCC_DYNAMIC_NO_PIC = NO;
				GCC_NO_COMMON_BLOCKS = YES;
				GCC_OPTIMIZATION_LEVEL = 0;
				GCC_PREPROCESSOR_DEFINITIONS = (
					"DEBUG=1",
					"$(inherited)",
				);
				GCC_WARN_64_TO_32_BIT_CONVERSION = YES;
				GCC_WARN_ABOUT_RETURN_TYPE = YES_ERROR;
				GCC_WARN_UNDECLARED_SELECTOR = YES;
				GCC_WARN_UNINITIALIZED_AUTOS = YES_AGGRESSIVE;
				GCC_WARN_UNUSED_FUNCTION = YES;
				GCC_WARN_UNUSED_VARIABLE = YES;
				IPHONEOS_DEPLOYMENT_TARGET = 11.0;
				MTL_ENABLE_DEBUG_INFO = YES;
				ONLY_ACTIVE_ARCH = YES;
				SDKROOT = iphoneos;
				SWIFT_ACTIVE_COMPILATION_CONDITIONS = DEBUG;
				SWIFT_OPTIMIZATION_LEVEL = "-Onone";
			};
			name = Debug;
		};
		6773E26A1F3EEB0A006ABAAA /* Release */ = {
			isa = XCBuildConfiguration;
			buildSettings = {
				ALWAYS_SEARCH_USER_PATHS = NO;
				CLANG_ANALYZER_NONNULL = YES;
				CLANG_ANALYZER_NUMBER_OBJECT_CONVERSION = YES_AGGRESSIVE;
				CLANG_CXX_LANGUAGE_STANDARD = "gnu++14";
				CLANG_CXX_LIBRARY = "libc++";
				CLANG_ENABLE_MODULES = YES;
				CLANG_ENABLE_OBJC_ARC = YES;
				CLANG_WARN_BLOCK_CAPTURE_AUTORELEASING = YES;
				CLANG_WARN_BOOL_CONVERSION = YES;
				CLANG_WARN_COMMA = YES;
				CLANG_WARN_CONSTANT_CONVERSION = YES;
				CLANG_WARN_DIRECT_OBJC_ISA_USAGE = YES_ERROR;
				CLANG_WARN_DOCUMENTATION_COMMENTS = YES;
				CLANG_WARN_EMPTY_BODY = YES;
				CLANG_WARN_ENUM_CONVERSION = YES;
				CLANG_WARN_INFINITE_RECURSION = YES;
				CLANG_WARN_INT_CONVERSION = YES;
				CLANG_WARN_NON_LITERAL_NULL_CONVERSION = YES;
				CLANG_WARN_OBJC_LITERAL_CONVERSION = YES;
				CLANG_WARN_OBJC_ROOT_CLASS = YES_ERROR;
				CLANG_WARN_RANGE_LOOP_ANALYSIS = YES;
				CLANG_WARN_STRICT_PROTOTYPES = YES;
				CLANG_WARN_SUSPICIOUS_MOVE = YES;
				CLANG_WARN_UNGUARDED_AVAILABILITY = YES_AGGRESSIVE;
				CLANG_WARN_UNREACHABLE_CODE = YES;
				CLANG_WARN__DUPLICATE_METHOD_MATCH = YES;
				CODE_SIGN_IDENTITY = "iPhone Developer";
				COPY_PHASE_STRIP = NO;
				DEBUG_INFORMATION_FORMAT = "dwarf-with-dsym";
				ENABLE_NS_ASSERTIONS = NO;
				ENABLE_STRICT_OBJC_MSGSEND = YES;
				GCC_C_LANGUAGE_STANDARD = gnu11;
				GCC_NO_COMMON_BLOCKS = YES;
				GCC_WARN_64_TO_32_BIT_CONVERSION = YES;
				GCC_WARN_ABOUT_RETURN_TYPE = YES_ERROR;
				GCC_WARN_UNDECLARED_SELECTOR = YES;
				GCC_WARN_UNINITIALIZED_AUTOS = YES_AGGRESSIVE;
				GCC_WARN_UNUSED_FUNCTION = YES;
				GCC_WARN_UNUSED_VARIABLE = YES;
				IPHONEOS_DEPLOYMENT_TARGET = 11.0;
				MTL_ENABLE_DEBUG_INFO = NO;
				SDKROOT = iphoneos;
				SWIFT_OPTIMIZATION_LEVEL = "-Owholemodule";
				VALIDATE_PRODUCT = YES;
			};
			name = Release;
		};
		6773E26C1F3EEB0A006ABAAA /* Debug */ = {
			isa = XCBuildConfiguration;
			buildSettings = {
				ASSETCATALOG_COMPILER_APPICON_NAME = AppIcon;
				DEVELOPMENT_TEAM = EQ33C74W2R;
				FRAMEWORK_SEARCH_PATHS = (
					"$(inherited)",
					"$(PROJECT_DIR)/Example",
				);
				INFOPLIST_FILE = Example/Info.plist;
				LD_RUNPATH_SEARCH_PATHS = "$(inherited) @executable_path/Frameworks";
				PRODUCT_BUNDLE_IDENTIFIER = org.openpanda.Example;
				PRODUCT_NAME = "$(TARGET_NAME)";
				SWIFT_VERSION = 4.0;
				TARGETED_DEVICE_FAMILY = "1,2";
			};
			name = Debug;
		};
		6773E26D1F3EEB0A006ABAAA /* Release */ = {
			isa = XCBuildConfiguration;
			buildSettings = {
				ASSETCATALOG_COMPILER_APPICON_NAME = AppIcon;
				DEVELOPMENT_TEAM = EQ33C74W2R;
				FRAMEWORK_SEARCH_PATHS = (
					"$(inherited)",
					"$(PROJECT_DIR)/Example",
				);
				INFOPLIST_FILE = Example/Info.plist;
				LD_RUNPATH_SEARCH_PATHS = "$(inherited) @executable_path/Frameworks";
				PRODUCT_BUNDLE_IDENTIFIER = org.openpanda.Example;
				PRODUCT_NAME = "$(TARGET_NAME)";
				SWIFT_VERSION = 4.0;
				TARGETED_DEVICE_FAMILY = "1,2";
			};
			name = Release;
		};
/* End XCBuildConfiguration section */

/* Begin XCConfigurationList section */
		6773E2541F3EEB0A006ABAAA /* Build configuration list for PBXProject "Example" */ = {
			isa = XCConfigurationList;
			buildConfigurations = (
				6773E2691F3EEB0A006ABAAA /* Debug */,
				6773E26A1F3EEB0A006ABAAA /* Release */,
			);
			defaultConfigurationIsVisible = 0;
			defaultConfigurationName = Release;
		};
		6773E26B1F3EEB0A006ABAAA /* Build configuration list for PBXNativeTarget "Example" */ = {
			isa = XCConfigurationList;
			buildConfigurations = (
				6773E26C1F3EEB0A006ABAAA /* Debug */,
				6773E26D1F3EEB0A006ABAAA /* Release */,
			);
			defaultConfigurationIsVisible = 0;
			defaultConfigurationName = Release;
		};
/* End XCConfigurationList section */
	};
	rootObject = 6773E2511F3EEB0A006ABAAA /* Project object */;
}
